{
  "name": "smoltest",
  "version": "1.0.0",
  "lockfileVersion": 2,
  "requires": true,
  "packages": {
    "": {
      "name": "smoltest",
      "version": "1.0.0",
      "license": "ISC",
      "dependencies": {
        "@substrate/smoldot-light": "^0.6.33"
      }
    },
    "node_modules/@substrate/smoldot-light": {
      "version": "0.6.33",
      "resolved": "https://registry.npmjs.org/@substrate/smoldot-light/-/smoldot-light-0.6.33.tgz",
      "integrity": "sha512-b1bgIcd6369Xa1Y2MelBD3xmyX2FeHnjq8xS0ohy5uC6bR1v6kEkEyCbcIJE1+GlwDzlfaNxbJjwJPIv8FaRYA==",
      "dependencies": {
        "pako": "^2.0.4",
        "ws": "^8.8.1"
      }
    },
    "node_modules/pako": {
      "version": "2.0.4",
      "resolved": "https://registry.npmjs.org/pako/-/pako-2.0.4.tgz",
      "integrity": "sha512-v8tweI900AUkZN6heMU/4Uy4cXRc2AYNRggVmTR+dEncawDJgCdLMximOVA2p4qO57WMynangsfGRb5WD6L1Bg=="
    },
    "node_modules/ws": {
      "version": "8.8.1",
      "resolved": "https://registry.npmjs.org/ws/-/ws-8.8.1.tgz",
      "integrity": "sha512-bGy2JzvzkPowEJV++hF07hAD6niYSr0JzBNo/J29WsB57A2r7Wlc1UFcTR9IzrPvuNVO4B8LGqF8qcpsVOhJCA==",
      "engines": {
        "node": ">=10.0.0"
      },
      "peerDependencies": {
        "bufferutil": "^4.0.1",
        "utf-8-validate": "^5.0.2"
      },
      "peerDependenciesMeta": {
        "bufferutil": {
          "optional": true
        },
        "utf-8-validate": {
          "optional": true
        }
      }
    }
  },
  "dependencies": {
    "@substrate/smoldot-light": {
      "version": "0.6.33",
      "resolved": "https://registry.npmjs.org/@substrate/smoldot-light/-/smoldot-light-0.6.33.tgz",
      "integrity": "sha512-b1bgIcd6369Xa1Y2MelBD3xmyX2FeHnjq8xS0ohy5uC6bR1v6kEkEyCbcIJE1+GlwDzlfaNxbJjwJPIv8FaRYA==",
      "requires": {
        "pako": "^2.0.4",
        "ws": "^8.8.1"
      }
    },
    "pako": {
      "version": "2.0.4",
      "resolved": "https://registry.npmjs.org/pako/-/pako-2.0.4.tgz",
      "integrity": "sha512-v8tweI900AUkZN6heMU/4Uy4cXRc2AYNRggVmTR+dEncawDJgCdLMximOVA2p4qO57WMynangsfGRb5WD6L1Bg=="
    },
    "ws": {
      "version": "8.8.1",
      "resolved": "https://registry.npmjs.org/ws/-/ws-8.8.1.tgz",
      "integrity": "sha512-bGy2JzvzkPowEJV++hF07hAD6niYSr0JzBNo/J29WsB57A2r7Wlc1UFcTR9IzrPvuNVO4B8LGqF8qcpsVOhJCA==",
      "requires": {}
    }
  }
}
